Microsoft Visual Studio Solution File, Format Version 12.00
# Visual Studio Version 17
VisualStudioVersion = 17.5.2.0
MinimumVisualStudioVersion = 10.0.40219.1
Project("{FAE04EC0-301F-11D3-BF4B-00C04F79EFBC}") = "defCalMeth", "defCalMeth.csproj", "{33C77C9E-FB02-0070-0F45-D6DC55A5AD9B}"
EndProject
Global
	GlobalSection(SolutionConfigurationPlatforms) = preSolution
		Debug|Any CPU = Debug|Any CPU
		Release|Any CPU = Release|Any CPU
	EndGlobalSection
	GlobalSection(ProjectConfigurationPlatforms) = postSolution
		{33C77C9E-FB02-0070-0F45-D6DC55A5AD9B}.Debug|Any CPU.ActiveCfg = Debug|Any CPU
		{33C77C9E-FB02-0070-0F45-D6DC55A5AD9B}.Debug|Any CPU.Build.0 = Debug|Any CPU
		{33C77C9E-FB02-0070-0F45-D6DC55A5AD9B}.Release|Any CPU.ActiveCfg = Release|Any CPU
		{33C77C9E-FB02-0070-0F45-D6DC55A5AD9B}.Release|Any CPU.Build.0 = Release|Any CPU
	EndGlobalSection
	GlobalSection(SolutionProperties) = preSolution
		HideSolutionNode = FALSE
	EndGlobalSection
	GlobalSection(ExtensibilityGlobals) = postSolution
		SolutionGuid = {AD3985C7-A3BF-497B-B8C5-781264C106A0}
	EndGlobalSection
EndGlobal
