Microsoft Visual Studio Solution File, Format Version 12.00
# Visual Studio Version 17
VisualStudioVersion = 17.5.2.0
MinimumVisualStudioVersion = 10.0.40219.1
Project("{FAE04EC0-301F-11D3-BF4B-00C04F79EFBC}") = "OddEven", "OddEven.csproj", "{EE562A34-A222-2AFF-792D-9B18BF33211F}"
EndProject
Global
	GlobalSection(SolutionConfigurationPlatforms) = preSolution
		Debug|Any CPU = Debug|Any CPU
		Release|Any CPU = Release|Any CPU
	EndGlobalSection
	GlobalSection(ProjectConfigurationPlatforms) = postSolution
		{EE562A34-A222-2AFF-792D-9B18BF33211F}.Debug|Any CPU.ActiveCfg = Debug|Any CPU
		{EE562A34-A222-2AFF-792D-9B18BF33211F}.Debug|Any CPU.Build.0 = Debug|Any CPU
		{EE562A34-A222-2AFF-792D-9B18BF33211F}.Release|Any CPU.ActiveCfg = Release|Any CPU
		{EE562A34-A222-2AFF-792D-9B18BF33211F}.Release|Any CPU.Build.0 = Release|Any CPU
	EndGlobalSection
	GlobalSection(SolutionProperties) = preSolution
		HideSolutionNode = FALSE
	EndGlobalSection
	GlobalSection(ExtensibilityGlobals) = postSolution
		SolutionGuid = {5A4F9AB0-33B1-40D2-94A8-EBDFB69DF065}
	EndGlobalSection
EndGlobal
